
Microsoft Visual Studio Solution File, Format Version 12.00
# Visual Studio Version 17
VisualStudioVersion = 17.0.32112.339
MinimumVisualStudioVersion = 10.0.40219.1
Project("{2150E333-8FDC-42A3-9474-1A3956D46DE8}") = "Integrations", "Integrations", "{B9A2D461-3345-4004-9208-141BDFEC7076}"
EndProject
Project("{2150E333-8FDC-42A3-9474-1A3956D46DE8}") = "GuvenTelekom", "GuvenTelekom", "{0468B695-9EFF-4E3E-875F-1BE3D1F7EDED}"
EndProject
Project("{2150E333-8FDC-42A3-9474-1A3956D46DE8}") = "TFonTelekom", "TFonTelekom", "{FE900A9B-3460-4741-A939-F3996C6C0360}"
EndProject
Project("{2150E333-8FDC-42A3-9474-1A3956D46DE8}") = "NetGsm", "NetGsm", "{CC931F21-A833-475F-8978-DA9C1CFD6088}"
EndProject
Project("{2150E333-8FDC-42A3-9474-1A3956D46DE8}") = "SmartMessage", "SmartMessage", "{AC2EE020-8EFF-4BEE-BC1F-A116FC8096B6}"
EndProject
Project("{2150E333-8FDC-42A3-9474-1A3956D46DE8}") = "RelatedDigital", "RelatedDigital", "{C63E525D-7288-4FB0-8804-0FB2A4C0B7A8}"
EndProject
Project("{2150E333-8FDC-42A3-9474-1A3956D46DE8}") = "Telsam", "Telsam", "{91BCCD4D-31B1-4BB9-9259-6DBD7D89F3DF}"
EndProject
Project("{2150E333-8FDC-42A3-9474-1A3956D46DE8}") = "Verimor", "Verimor", "{F099F5B6-C175-4278-90EF-03DC98B617A6}"
EndProject
Project("{2150E333-8FDC-42A3-9474-1A3956D46DE8}") = "Gsm", "Gsm", "{7E15542E-F7DC-4501-9CB9-7069EB87902C}"
EndProject
Project("{9A19103F-16F7-4668-BE54-9A1E7A4F7556}") = "IQ.OPS.Integration.Application", "IQ.OPS.Integration.Application\IQ.OPS.Integration.Application.csproj", "{0AACE642-C467-4C31-B4A7-6B8DEF8145A3}"
EndProject
Project("{9A19103F-16F7-4668-BE54-9A1E7A4F7556}") = "IQ.OPS.Integration.Gsm", "Integrations\Gsm\IQ.OPS.Integration.Gsm\IQ.OPS.Integration.Gsm.csproj", "{721542EC-762F-48B7-BA3B-A3B795DEF2BD}"
EndProject
Project("{9A19103F-16F7-4668-BE54-9A1E7A4F7556}") = "IQ.OPS.Integration.Gsm.Abstractions", "Integrations\Gsm\IQ.OPS.Integration.Gsm.Abstractions\IQ.OPS.Integration.Gsm.Abstractions.csproj", "{99848D8C-50EB-42EF-82A4-57F247201700}"
EndProject
Project("{9A19103F-16F7-4668-BE54-9A1E7A4F7556}") = "IQ.OPS.Integration.Gsm.Data", "Integrations\Gsm\IQ.OPS.Integration.Gsm.Data\IQ.OPS.Integration.Gsm.Data.csproj", "{8973BAC3-0849-457A-A096-539556268B5B}"
EndProject
Project("{9A19103F-16F7-4668-BE54-9A1E7A4F7556}") = "IQ.OPS.Integration.Gsm.GuvenTelekom.Abstractions", "Integrations\Gsm\GuvenTelelkom\IQ.OPS.Gsm.GuvenTelekom.Abstractions\IQ.OPS.Integration.Gsm.GuvenTelekom.Abstractions.csproj", "{5CD38DFB-FD20-457B-BA2B-2FE370713588}"
EndProject
Project("{9A19103F-16F7-4668-BE54-9A1E7A4F7556}") = "IQ.OPS.Integration.Gsm.GuvenTelekom", "Integrations\Gsm\GuvenTelelkom\IQ.OPS.Integration.Gsm.GuvenTelkom\IQ.OPS.Integration.Gsm.GuvenTelekom.csproj", "{B0D36636-29B5-4E9D-AA83-B5F49D468F70}"
EndProject
Project("{9A19103F-16F7-4668-BE54-9A1E7A4F7556}") = "IQ.OPS.Integration.Gsm.NetGsm", "Integrations\Gsm\NetGsm\IQ.OPS.Integration.Gsm.NetGsm\IQ.OPS.Integration.Gsm.NetGsm.csproj", "{B9B5C456-97E7-496D-95D0-1267F492483D}"
EndProject
Project("{9A19103F-16F7-4668-BE54-9A1E7A4F7556}") = "IQ.OPS.Integration.Gsm.NetGsm.Abstractions", "Integrations\Gsm\NetGsm\IQ.OPS.Integration.Gsm.NetGsm.Abstractions\IQ.OPS.Integration.Gsm.NetGsm.Abstractions.csproj", "{5B900A2C-7DC7-4447-80E0-5030B0887880}"
EndProject
Project("{9A19103F-16F7-4668-BE54-9A1E7A4F7556}") = "IQ.OPS.Integration.Gsm.RelatedDigital", "Integrations\Gsm\RelatedDigital\IQ.OPS.Integration.Gsm.RelatedDigital\IQ.OPS.Integration.Gsm.RelatedDigital.csproj", "{92866D9C-A7C1-4009-A07C-C37F41B3447B}"
EndProject
Project("{9A19103F-16F7-4668-BE54-9A1E7A4F7556}") = "IQ.OPS.Integration.Gsm.RelatedDigital.Abstractions", "Integrations\Gsm\RelatedDigital\IQ.OPS.Integration.Gsm.RelatedDigital.Abstractions\IQ.OPS.Integration.Gsm.RelatedDigital.Abstractions.csproj", "{FB0B80B6-C595-4204-87D8-94A707EAF7BC}"
EndProject
Project("{9A19103F-16F7-4668-BE54-9A1E7A4F7556}") = "IQ.OPS.Integration.Gsm.SmartMessage", "Integrations\Gsm\SmartMessage\IQ.OPS.Integration.Gsm.SmartMessage\IQ.OPS.Integration.Gsm.SmartMessage.csproj", "{8F6FD355-20EF-404B-9F86-EF8656CA7F41}"
EndProject
Project("{9A19103F-16F7-4668-BE54-9A1E7A4F7556}") = "IQ.OPS.Integration.Gsm.SmartMessage.Abstractions", "Integrations\Gsm\SmartMessage\IQ.OPS.Integration.Gsm.SmartMessage.Abstractions\IQ.OPS.Integration.Gsm.SmartMessage.Abstractions.csproj", "{921A42F0-833F-4E54-AF54-F02AB22D08BC}"
EndProject
Project("{9A19103F-16F7-4668-BE54-9A1E7A4F7556}") = "IQ.OPS.Integration.Gsm.Telsam", "Integrations\Gsm\Telsam\IQ.OPS.Integration.Gsm.Telsam\IQ.OPS.Integration.Gsm.Telsam.csproj", "{B12E36D9-EEA2-4989-869A-C18AB1F76AAE}"
EndProject
Project("{9A19103F-16F7-4668-BE54-9A1E7A4F7556}") = "IQ.OPS.Integration.Gsm.Telsam.Abstractions", "Integrations\Gsm\Telsam\IQ.OPS.Integration.GsmTelsam.Abstractions\IQ.OPS.Integration.Gsm.Telsam.Abstractions.csproj", "{2ACF971A-45EA-4A7E-87B3-C66981F90095}"
EndProject
Project("{9A19103F-16F7-4668-BE54-9A1E7A4F7556}") = "IQ.OPS.Integration.Gsm.TFonTelekom", "Integrations\Gsm\TFonTelekom\IQ.OPS.Integration.Gsm.TFonTelekom\IQ.OPS.Integration.Gsm.TFonTelekom.csproj", "{B0AE3809-4947-450E-A5DD-13D45D857C42}"
EndProject
Project("{9A19103F-16F7-4668-BE54-9A1E7A4F7556}") = "IQ.OPS.Integration.Gsm.TFonTelekom.Abstractions", "Integrations\Gsm\TFonTelekom\IQ.OPS.Integration.Gsm.TFonTelekom.Abstractions\IQ.OPS.Integration.Gsm.TFonTelekom.Abstractions.csproj", "{4071CB72-F416-4762-869D-651F6973A96A}"
EndProject
Project("{9A19103F-16F7-4668-BE54-9A1E7A4F7556}") = "IQ.OPS.Integration.Gsm.Verimor", "Integrations\Gsm\Verimor\IQ.OPS.Integration.Gsm.Verimor\IQ.OPS.Integration.Gsm.Verimor.csproj", "{01EF9B03-A92A-444F-BFD8-11011C498320}"
EndProject
Project("{9A19103F-16F7-4668-BE54-9A1E7A4F7556}") = "IQ.OPS.Integration.Gsm.Verimor.Abstractions", "Integrations\Gsm\Verimor\IQ.OPS.Integration.Gsm.Verimor.Abstractions\IQ.OPS.Integration.Gsm.Verimor.Abstractions.csproj", "{59F7BC93-C2BD-438D-A6DD-1B7214933470}"
EndProject
Global
	GlobalSection(SolutionConfigurationPlatforms) = preSolution
		Debug|Any CPU = Debug|Any CPU
		Release|Any CPU = Release|Any CPU
	EndGlobalSection
	GlobalSection(ProjectConfigurationPlatforms) = postSolution
		{0AACE642-C467-4C31-B4A7-6B8DEF8145A3}.Debug|Any CPU.ActiveCfg = Debug|Any CPU
		{0AACE642-C467-4C31-B4A7-6B8DEF8145A3}.Debug|Any CPU.Build.0 = Debug|Any CPU
		{0AACE642-C467-4C31-B4A7-6B8DEF8145A3}.Release|Any CPU.ActiveCfg = Release|Any CPU
		{0AACE642-C467-4C31-B4A7-6B8DEF8145A3}.Release|Any CPU.Build.0 = Release|Any CPU
		{721542EC-762F-48B7-BA3B-A3B795DEF2BD}.Debug|Any CPU.ActiveCfg = Debug|Any CPU
		{721542EC-762F-48B7-BA3B-A3B795DEF2BD}.Debug|Any CPU.Build.0 = Debug|Any CPU
		{721542EC-762F-48B7-BA3B-A3B795DEF2BD}.Release|Any CPU.ActiveCfg = Release|Any CPU
		{721542EC-762F-48B7-BA3B-A3B795DEF2BD}.Release|Any CPU.Build.0 = Release|Any CPU
		{99848D8C-50EB-42EF-82A4-57F247201700}.Debug|Any CPU.ActiveCfg = Debug|Any CPU
		{99848D8C-50EB-42EF-82A4-57F247201700}.Debug|Any CPU.Build.0 = Debug|Any CPU
		{99848D8C-50EB-42EF-82A4-57F247201700}.Release|Any CPU.ActiveCfg = Release|Any CPU
		{99848D8C-50EB-42EF-82A4-57F247201700}.Release|Any CPU.Build.0 = Release|Any CPU
		{8973BAC3-0849-457A-A096-539556268B5B}.Debug|Any CPU.ActiveCfg = Debug|Any CPU
		{8973BAC3-0849-457A-A096-539556268B5B}.Debug|Any CPU.Build.0 = Debug|Any CPU
		{8973BAC3-0849-457A-A096-539556268B5B}.Release|Any CPU.ActiveCfg = Release|Any CPU
		{8973BAC3-0849-457A-A096-539556268B5B}.Release|Any CPU.Build.0 = Release|Any CPU
		{5CD38DFB-FD20-457B-BA2B-2FE370713588}.Debug|Any CPU.ActiveCfg = Debug|Any CPU
		{5CD38DFB-FD20-457B-BA2B-2FE370713588}.Debug|Any CPU.Build.0 = Debug|Any CPU
		{5CD38DFB-FD20-457B-BA2B-2FE370713588}.Release|Any CPU.ActiveCfg = Release|Any CPU
		{5CD38DFB-FD20-457B-BA2B-2FE370713588}.Release|Any CPU.Build.0 = Release|Any CPU
		{B0D36636-29B5-4E9D-AA83-B5F49D468F70}.Debug|Any CPU.ActiveCfg = Debug|Any CPU
		{B0D36636-29B5-4E9D-AA83-B5F49D468F70}.Debug|Any CPU.Build.0 = Debug|Any CPU
		{B0D36636-29B5-4E9D-AA83-B5F49D468F70}.Release|Any CPU.ActiveCfg = Release|Any CPU
		{B0D36636-29B5-4E9D-AA83-B5F49D468F70}.Release|Any CPU.Build.0 = Release|Any CPU
		{B9B5C456-97E7-496D-95D0-1267F492483D}.Debug|Any CPU.ActiveCfg = Debug|Any CPU
		{B9B5C456-97E7-496D-95D0-1267F492483D}.Debug|Any CPU.Build.0 = Debug|Any CPU
		{B9B5C456-97E7-496D-95D0-1267F492483D}.Release|Any CPU.ActiveCfg = Release|Any CPU
		{B9B5C456-97E7-496D-95D0-1267F492483D}.Release|Any CPU.Build.0 = Release|Any CPU
		{5B900A2C-7DC7-4447-80E0-5030B0887880}.Debug|Any CPU.ActiveCfg = Debug|Any CPU
		{5B900A2C-7DC7-4447-80E0-5030B0887880}.Debug|Any CPU.Build.0 = Debug|Any CPU
		{5B900A2C-7DC7-4447-80E0-5030B0887880}.Release|Any CPU.ActiveCfg = Release|Any CPU
		{5B900A2C-7DC7-4447-80E0-5030B0887880}.Release|Any CPU.Build.0 = Release|Any CPU
		{92866D9C-A7C1-4009-A07C-C37F41B3447B}.Debug|Any CPU.ActiveCfg = Debug|Any CPU
		{92866D9C-A7C1-4009-A07C-C37F41B3447B}.Debug|Any CPU.Build.0 = Debug|Any CPU
		{92866D9C-A7C1-4009-A07C-C37F41B3447B}.Release|Any CPU.ActiveCfg = Release|Any CPU
		{92866D9C-A7C1-4009-A07C-C37F41B3447B}.Release|Any CPU.Build.0 = Release|Any CPU
		{FB0B80B6-C595-4204-87D8-94A707EAF7BC}.Debug|Any CPU.ActiveCfg = Debug|Any CPU
		{FB0B80B6-C595-4204-87D8-94A707EAF7BC}.Debug|Any CPU.Build.0 = Debug|Any CPU
		{FB0B80B6-C595-4204-87D8-94A707EAF7BC}.Release|Any CPU.ActiveCfg = Release|Any CPU
		{FB0B80B6-C595-4204-87D8-94A707EAF7BC}.Release|Any CPU.Build.0 = Release|Any CPU
		{8F6FD355-20EF-404B-9F86-EF8656CA7F41}.Debug|Any CPU.ActiveCfg = Debug|Any CPU
		{8F6FD355-20EF-404B-9F86-EF8656CA7F41}.Debug|Any CPU.Build.0 = Debug|Any CPU
		{8F6FD355-20EF-404B-9F86-EF8656CA7F41}.Release|Any CPU.ActiveCfg = Release|Any CPU
		{8F6FD355-20EF-404B-9F86-EF8656CA7F41}.Release|Any CPU.Build.0 = Release|Any CPU
		{921A42F0-833F-4E54-AF54-F02AB22D08BC}.Debug|Any CPU.ActiveCfg = Debug|Any CPU
		{921A42F0-833F-4E54-AF54-F02AB22D08BC}.Debug|Any CPU.Build.0 = Debug|Any CPU
		{921A42F0-833F-4E54-AF54-F02AB22D08BC}.Release|Any CPU.ActiveCfg = Release|Any CPU
		{921A42F0-833F-4E54-AF54-F02AB22D08BC}.Release|Any CPU.Build.0 = Release|Any CPU
		{B12E36D9-EEA2-4989-869A-C18AB1F76AAE}.Debug|Any CPU.ActiveCfg = Debug|Any CPU
		{B12E36D9-EEA2-4989-869A-C18AB1F76AAE}.Debug|Any CPU.Build.0 = Debug|Any CPU
		{B12E36D9-EEA2-4989-869A-C18AB1F76AAE}.Release|Any CPU.ActiveCfg = Release|Any CPU
		{B12E36D9-EEA2-4989-869A-C18AB1F76AAE}.Release|Any CPU.Build.0 = Release|Any CPU
		{2ACF971A-45EA-4A7E-87B3-C66981F90095}.Debug|Any CPU.ActiveCfg = Debug|Any CPU
		{2ACF971A-45EA-4A7E-87B3-C66981F90095}.Debug|Any CPU.Build.0 = Debug|Any CPU
		{2ACF971A-45EA-4A7E-87B3-C66981F90095}.Release|Any CPU.ActiveCfg = Release|Any CPU
		{2ACF971A-45EA-4A7E-87B3-C66981F90095}.Release|Any CPU.Build.0 = Release|Any CPU
		{B0AE3809-4947-450E-A5DD-13D45D857C42}.Debug|Any CPU.ActiveCfg = Debug|Any CPU
		{B0AE3809-4947-450E-A5DD-13D45D857C42}.Debug|Any CPU.Build.0 = Debug|Any CPU
		{B0AE3809-4947-450E-A5DD-13D45D857C42}.Release|Any CPU.ActiveCfg = Release|Any CPU
		{B0AE3809-4947-450E-A5DD-13D45D857C42}.Release|Any CPU.Build.0 = Release|Any CPU
		{4071CB72-F416-4762-869D-651F6973A96A}.Debug|Any CPU.ActiveCfg = Debug|Any CPU
		{4071CB72-F416-4762-869D-651F6973A96A}.Debug|Any CPU.Build.0 = Debug|Any CPU
		{4071CB72-F416-4762-869D-651F6973A96A}.Release|Any CPU.ActiveCfg = Release|Any CPU
		{4071CB72-F416-4762-869D-651F6973A96A}.Release|Any CPU.Build.0 = Release|Any CPU
		{01EF9B03-A92A-444F-BFD8-11011C498320}.Debug|Any CPU.ActiveCfg = Debug|Any CPU
		{01EF9B03-A92A-444F-BFD8-11011C498320}.Debug|Any CPU.Build.0 = Debug|Any CPU
		{01EF9B03-A92A-444F-BFD8-11011C498320}.Release|Any CPU.ActiveCfg = Release|Any CPU
		{01EF9B03-A92A-444F-BFD8-11011C498320}.Release|Any CPU.Build.0 = Release|Any CPU
		{59F7BC93-C2BD-438D-A6DD-1B7214933470}.Debug|Any CPU.ActiveCfg = Debug|Any CPU
		{59F7BC93-C2BD-438D-A6DD-1B7214933470}.Debug|Any CPU.Build.0 = Debug|Any CPU
		{59F7BC93-C2BD-438D-A6DD-1B7214933470}.Release|Any CPU.ActiveCfg = Release|Any CPU
		{59F7BC93-C2BD-438D-A6DD-1B7214933470}.Release|Any CPU.Build.0 = Release|Any CPU
	EndGlobalSection
	GlobalSection(SolutionProperties) = preSolution
		HideSolutionNode = FALSE
	EndGlobalSection
	GlobalSection(NestedProjects) = preSolution
		{0468B695-9EFF-4E3E-875F-1BE3D1F7EDED} = {7E15542E-F7DC-4501-9CB9-7069EB87902C}
		{FE900A9B-3460-4741-A939-F3996C6C0360} = {7E15542E-F7DC-4501-9CB9-7069EB87902C}
		{CC931F21-A833-475F-8978-DA9C1CFD6088} = {7E15542E-F7DC-4501-9CB9-7069EB87902C}
		{AC2EE020-8EFF-4BEE-BC1F-A116FC8096B6} = {7E15542E-F7DC-4501-9CB9-7069EB87902C}
		{C63E525D-7288-4FB0-8804-0FB2A4C0B7A8} = {7E15542E-F7DC-4501-9CB9-7069EB87902C}
		{91BCCD4D-31B1-4BB9-9259-6DBD7D89F3DF} = {7E15542E-F7DC-4501-9CB9-7069EB87902C}
		{F099F5B6-C175-4278-90EF-03DC98B617A6} = {7E15542E-F7DC-4501-9CB9-7069EB87902C}
		{7E15542E-F7DC-4501-9CB9-7069EB87902C} = {B9A2D461-3345-4004-9208-141BDFEC7076}
		{721542EC-762F-48B7-BA3B-A3B795DEF2BD} = {7E15542E-F7DC-4501-9CB9-7069EB87902C}
		{99848D8C-50EB-42EF-82A4-57F247201700} = {7E15542E-F7DC-4501-9CB9-7069EB87902C}
		{8973BAC3-0849-457A-A096-539556268B5B} = {7E15542E-F7DC-4501-9CB9-7069EB87902C}
		{5CD38DFB-FD20-457B-BA2B-2FE370713588} = {0468B695-9EFF-4E3E-875F-1BE3D1F7EDED}
		{B0D36636-29B5-4E9D-AA83-B5F49D468F70} = {0468B695-9EFF-4E3E-875F-1BE3D1F7EDED}
		{B9B5C456-97E7-496D-95D0-1267F492483D} = {CC931F21-A833-475F-8978-DA9C1CFD6088}
		{5B900A2C-7DC7-4447-80E0-5030B0887880} = {CC931F21-A833-475F-8978-DA9C1CFD6088}
		{92866D9C-A7C1-4009-A07C-C37F41B3447B} = {C63E525D-7288-4FB0-8804-0FB2A4C0B7A8}
		{FB0B80B6-C595-4204-87D8-94A707EAF7BC} = {C63E525D-7288-4FB0-8804-0FB2A4C0B7A8}
		{8F6FD355-20EF-404B-9F86-EF8656CA7F41} = {AC2EE020-8EFF-4BEE-BC1F-A116FC8096B6}
		{921A42F0-833F-4E54-AF54-F02AB22D08BC} = {AC2EE020-8EFF-4BEE-BC1F-A116FC8096B6}
		{B12E36D9-EEA2-4989-869A-C18AB1F76AAE} = {91BCCD4D-31B1-4BB9-9259-6DBD7D89F3DF}
		{2ACF971A-45EA-4A7E-87B3-C66981F90095} = {91BCCD4D-31B1-4BB9-9259-6DBD7D89F3DF}
		{B0AE3809-4947-450E-A5DD-13D45D857C42} = {FE900A9B-3460-4741-A939-F3996C6C0360}
		{4071CB72-F416-4762-869D-651F6973A96A} = {FE900A9B-3460-4741-A939-F3996C6C0360}
		{01EF9B03-A92A-444F-BFD8-11011C498320} = {F099F5B6-C175-4278-90EF-03DC98B617A6}
		{59F7BC93-C2BD-438D-A6DD-1B7214933470} = {F099F5B6-C175-4278-90EF-03DC98B617A6}
	EndGlobalSection
	GlobalSection(ExtensibilityGlobals) = postSolution
		SolutionGuid = {4361B94C-502B-4EDA-843D-D43FC9E7CD15}
	EndGlobalSection
EndGlobal
